
Microsoft Visual Studio Solution File, Format Version 12.00
# Visual Studio 15
VisualStudioVersion = 15.0.27130.2036
MinimumVisualStudioVersion = 10.0.40219.1
Project("{9A19103F-16F7-4668-BE54-9A1E7A4F7556}") = "Babble.Test", "tests\Babble.Test\Babble.Test.csproj", "{67D668F1-DC13-43A7-9666-DEE52D9E3196}"
EndProject
Project("{9A19103F-16F7-4668-BE54-9A1E7A4F7556}") = "Babble", "src\Babble\Babble.csproj", "{35CF94D6-A934-4E75-8E6A-312C87488918}"
EndProject
Project("{9A19103F-16F7-4668-BE54-9A1E7A4F7556}") = "Babble.Cli", "src\Babble.Cli\Babble.Cli.csproj", "{B2CE96C3-9CC5-466F-A440-BBC1FAAD284D}"
EndProject
Project("{9A19103F-16F7-4668-BE54-9A1E7A4F7556}") = "Babble.Core", "src\Babble.Core\Babble.Core.csproj", "{383926A5-AB2A-4624-82F2-E2C0B496C648}"
EndProject
Global
	GlobalSection(SolutionConfigurationPlatforms) = preSolution
		Debug|Any CPU = Debug|Any CPU
		Release|Any CPU = Release|Any CPU
	EndGlobalSection
	GlobalSection(ProjectConfigurationPlatforms) = postSolution
		{67D668F1-DC13-43A7-9666-DEE52D9E3196}.Debug|Any CPU.ActiveCfg = Debug|Any CPU
		{67D668F1-DC13-43A7-9666-DEE52D9E3196}.Debug|Any CPU.Build.0 = Debug|Any CPU
		{67D668F1-DC13-43A7-9666-DEE52D9E3196}.Release|Any CPU.ActiveCfg = Release|Any CPU
		{67D668F1-DC13-43A7-9666-DEE52D9E3196}.Release|Any CPU.Build.0 = Release|Any CPU
		{35CF94D6-A934-4E75-8E6A-312C87488918}.Debug|Any CPU.ActiveCfg = Debug|Any CPU
		{35CF94D6-A934-4E75-8E6A-312C87488918}.Debug|Any CPU.Build.0 = Debug|Any CPU
		{35CF94D6-A934-4E75-8E6A-312C87488918}.Release|Any CPU.ActiveCfg = Release|Any CPU
		{35CF94D6-A934-4E75-8E6A-312C87488918}.Release|Any CPU.Build.0 = Release|Any CPU
		{B2CE96C3-9CC5-466F-A440-BBC1FAAD284D}.Debug|Any CPU.ActiveCfg = Debug|Any CPU
		{B2CE96C3-9CC5-466F-A440-BBC1FAAD284D}.Debug|Any CPU.Build.0 = Debug|Any CPU
		{B2CE96C3-9CC5-466F-A440-BBC1FAAD284D}.Release|Any CPU.ActiveCfg = Release|Any CPU
		{B2CE96C3-9CC5-466F-A440-BBC1FAAD284D}.Release|Any CPU.Build.0 = Release|Any CPU
		{383926A5-AB2A-4624-82F2-E2C0B496C648}.Debug|Any CPU.ActiveCfg = Debug|Any CPU
		{383926A5-AB2A-4624-82F2-E2C0B496C648}.Debug|Any CPU.Build.0 = Debug|Any CPU
		{383926A5-AB2A-4624-82F2-E2C0B496C648}.Release|Any CPU.ActiveCfg = Release|Any CPU
		{383926A5-AB2A-4624-82F2-E2C0B496C648}.Release|Any CPU.Build.0 = Release|Any CPU
	EndGlobalSection
	GlobalSection(SolutionProperties) = preSolution
		HideSolutionNode = FALSE
	EndGlobalSection
	GlobalSection(ExtensibilityGlobals) = postSolution
		SolutionGuid = {A6FB4472-0CA2-41FC-80F8-08E82D88D8E0}
	EndGlobalSection
EndGlobal
