
Microsoft Visual Studio Solution File, Format Version 12.00
# Visual Studio 15
VisualStudioVersion = 15.0.27130.2020
MinimumVisualStudioVersion = 10.0.40219.1
Project("{9A19103F-16F7-4668-BE54-9A1E7A4F7556}") = "Dotnatter", "src\Dotnatter\Dotnatter.csproj", "{8253FD8F-8B69-40DE-9E5E-B414F5B7B958}"
EndProject
Project("{9A19103F-16F7-4668-BE54-9A1E7A4F7556}") = "Dotnatter.Test", "Test\Dotnatter.Test\Dotnatter.Test.csproj", "{C8D66209-80A5-45A1-B3AC-06F81E3F0EC5}"
EndProject
Global
	GlobalSection(SolutionConfigurationPlatforms) = preSolution
		Debug|Any CPU = Debug|Any CPU
		Release|Any CPU = Release|Any CPU
	EndGlobalSection
	GlobalSection(ProjectConfigurationPlatforms) = postSolution
		{8253FD8F-8B69-40DE-9E5E-B414F5B7B958}.Debug|Any CPU.ActiveCfg = Debug|Any CPU
		{8253FD8F-8B69-40DE-9E5E-B414F5B7B958}.Debug|Any CPU.Build.0 = Debug|Any CPU
		{8253FD8F-8B69-40DE-9E5E-B414F5B7B958}.Release|Any CPU.ActiveCfg = Release|Any CPU
		{8253FD8F-8B69-40DE-9E5E-B414F5B7B958}.Release|Any CPU.Build.0 = Release|Any CPU
		{C8D66209-80A5-45A1-B3AC-06F81E3F0EC5}.Debug|Any CPU.ActiveCfg = Debug|Any CPU
		{C8D66209-80A5-45A1-B3AC-06F81E3F0EC5}.Debug|Any CPU.Build.0 = Debug|Any CPU
		{C8D66209-80A5-45A1-B3AC-06F81E3F0EC5}.Release|Any CPU.ActiveCfg = Release|Any CPU
		{C8D66209-80A5-45A1-B3AC-06F81E3F0EC5}.Release|Any CPU.Build.0 = Release|Any CPU
	EndGlobalSection
	GlobalSection(SolutionProperties) = preSolution
		HideSolutionNode = FALSE
	EndGlobalSection
	GlobalSection(ExtensibilityGlobals) = postSolution
		SolutionGuid = {A6FB4472-0CA2-41FC-80F8-08E82D88D8E0}
	EndGlobalSection
EndGlobal
